hash: 175ad490c340629d22886d2a1856ffc0921bd52da66a605a99fdf3fd76fa6112
updated: 2018-05-08T12:47:58.345649631+02:00
imports:
- name: github.com/Azure/go-ansiterm
  version: d6e3b3328b783f23731bc4d058875b0371ff8109
  subpackages:
  - winterm
- name: github.com/docker/docker
  version: 17b039cb4901fc0a37c409ebfdf4f3b2fcec4409
  subpackages:
  - pkg/term
  - pkg/term/windows
- name: github.com/docker/machine
  version: 89b833253d9412716a0291cbdccc94454c33d1b5
  subpackages:
  - libmachine/drivers
  - libmachine/drivers/plugin
  - libmachine/drivers/plugin/localbinary
  - libmachine/drivers/rpc
  - libmachine/log
  - libmachine/mcnflag
  - libmachine/mcnutils
  - libmachine/ssh
  - libmachine/state
  - libmachine/version
  - version
- name: github.com/sirupsen/logrus
  version: f006c2ac4710855cf0f916dd6b77acf6b048dc6e
- name: github.com/xanzy/go-cloudstack
  version: 3934d17bfafbc810e8f60b3a8168ab9d9e7c2740
  subpackages:
  - cloudstack
- name: golang.org/x/crypto
  version: 6bd909f163c83732e0b5e22a27154b1a112c3ff9
  subpackages:
  - curve25519
  - ed25519
  - ed25519/internal/edwards25519
  - ssh
  - ssh/terminal
- name: golang.org/x/sys
  version: 7ddbeae9ae08c6a06a59597f0c9edbc5ff2444ce
  subpackages:
  - unix
  - windows
testImports: []
